
Microsoft Visual Studio Solution File, Format Version 12.00
# Visual Studio Version 17
VisualStudioVersion = 17.8.34322.80
MinimumVisualStudioVersion = 10.0.40219.1
Project("{8BC9CEB8-8B4A-11D0-8D11-00A0C91BC942}") = "OfflineSoftware", "OfflineSoftware.vcxproj", "{DD1849AE-E8CE-4D29-B534-8601BC0E73B5}"
EndProject
Global
	GlobalSection(SolutionConfigurationPlatforms) = preSolution
		Debug|x64 = Debug|x64
		Debug|x86 = Debug|x86
		Release|x64 = Release|x64
		Release|x86 = Release|x86
	EndGlobalSection
	GlobalSection(ProjectConfigurationPlatforms) = postSolution
		{DD1849AE-E8CE-4D29-B534-8601BC0E73B5}.Debug|x64.ActiveCfg = Debug|x64
		{DD1849AE-E8CE-4D29-B534-8601BC0E73B5}.Debug|x64.Build.0 = Debug|x64
		{DD1849AE-E8CE-4D29-B534-8601BC0E73B5}.Debug|x86.ActiveCfg = Debug|Win32
		{DD1849AE-E8CE-4D29-B534-8601BC0E73B5}.Debug|x86.Build.0 = Debug|Win32
		{DD1849AE-E8CE-4D29-B534-8601BC0E73B5}.Release|x64.ActiveCfg = Release|x64
		{DD1849AE-E8CE-4D29-B534-8601BC0E73B5}.Release|x64.Build.0 = Release|x64
		{DD1849AE-E8CE-4D29-B534-8601BC0E73B5}.Release|x86.ActiveCfg = Release|Win32
		{DD1849AE-E8CE-4D29-B534-8601BC0E73B5}.Release|x86.Build.0 = Release|Win32
	EndGlobalSection
	GlobalSection(SolutionProperties) = preSolution
		HideSolutionNode = FALSE
	EndGlobalSection
	GlobalSection(ExtensibilityGlobals) = postSolution
		SolutionGuid = {9D5CAC2F-398A-4E32-842C-5A75C71B987F}
	EndGlobalSection
EndGlobal
